
Microsoft Visual Studio Solution File, Format Version 12.00
# Visual Studio Version 16
VisualStudioVersion = 16.0.34114.132
MinimumVisualStudioVersion = 10.0.40219.1
Project("{FAE04EC0-301F-11D3-BF4B-00C04F79EFBC}") = "Client", "Client\Client.csproj", "{5EC23E5E-1EB0-4F10-83FF-8C419936C672}"
EndProject
Project("{FAE04EC0-301F-11D3-BF4B-00C04F79EFBC}") = "Manager", "Manager\Manager.csproj", "{E98D9AD1-9D4B-454B-8C15-AC49A9B01720}"
EndProject
Project("{FAE04EC0-301F-11D3-BF4B-00C04F79EFBC}") = "Common", "Common\Common.csproj", "{A1B79D09-4E20-454E-9698-B433031BBB66}"
EndProject
Project("{FAE04EC0-301F-11D3-BF4B-00C04F79EFBC}") = "Service", "Service\Service.csproj", "{87509FC4-E651-4BD2-B6A4-AE6A1B845681}"
EndProject
Global
	GlobalSection(SolutionConfigurationPlatforms) = preSolution
		Debug|Any CPU = Debug|Any CPU
		Release|Any CPU = Release|Any CPU
	EndGlobalSection
	GlobalSection(ProjectConfigurationPlatforms) = postSolution
		{5EC23E5E-1EB0-4F10-83FF-8C419936C672}.Debug|Any CPU.ActiveCfg = Debug|Any CPU
		{5EC23E5E-1EB0-4F10-83FF-8C419936C672}.Debug|Any CPU.Build.0 = Debug|Any CPU
		{5EC23E5E-1EB0-4F10-83FF-8C419936C672}.Release|Any CPU.ActiveCfg = Release|Any CPU
		{5EC23E5E-1EB0-4F10-83FF-8C419936C672}.Release|Any CPU.Build.0 = Release|Any CPU
		{E98D9AD1-9D4B-454B-8C15-AC49A9B01720}.Debug|Any CPU.ActiveCfg = Debug|Any CPU
		{E98D9AD1-9D4B-454B-8C15-AC49A9B01720}.Debug|Any CPU.Build.0 = Debug|Any CPU
		{E98D9AD1-9D4B-454B-8C15-AC49A9B01720}.Release|Any CPU.ActiveCfg = Release|Any CPU
		{E98D9AD1-9D4B-454B-8C15-AC49A9B01720}.Release|Any CPU.Build.0 = Release|Any CPU
		{A1B79D09-4E20-454E-9698-B433031BBB66}.Debug|Any CPU.ActiveCfg = Debug|Any CPU
		{A1B79D09-4E20-454E-9698-B433031BBB66}.Debug|Any CPU.Build.0 = Debug|Any CPU
		{A1B79D09-4E20-454E-9698-B433031BBB66}.Release|Any CPU.ActiveCfg = Release|Any CPU
		{A1B79D09-4E20-454E-9698-B433031BBB66}.Release|Any CPU.Build.0 = Release|Any CPU
		{87509FC4-E651-4BD2-B6A4-AE6A1B845681}.Debug|Any CPU.ActiveCfg = Debug|Any CPU
		{87509FC4-E651-4BD2-B6A4-AE6A1B845681}.Debug|Any CPU.Build.0 = Debug|Any CPU
		{87509FC4-E651-4BD2-B6A4-AE6A1B845681}.Release|Any CPU.ActiveCfg = Release|Any CPU
		{87509FC4-E651-4BD2-B6A4-AE6A1B845681}.Release|Any CPU.Build.0 = Release|Any CPU
	EndGlobalSection
	GlobalSection(SolutionProperties) = preSolution
		HideSolutionNode = FALSE
	EndGlobalSection
	GlobalSection(ExtensibilityGlobals) = postSolution
		SolutionGuid = {00A42EEA-62A8-4F29-B0AF-6E4F2D58C93A}
	EndGlobalSection
EndGlobal
